// !$*UTF8*$!
{
	archiveVersion = 1;
	classes = {
	};
	objectVersion = 51;
	objects = {

/* Begin PBXBuildFile section */
		24CB9932CFC5A88B2BDBF0D4 /* Pods_SoulStudioSkillTest.framework in Frameworks */ = {isa = PBXBuildFile; fileRef = 3CDB878583C7A3D2AA1B73BA /* Pods_SoulStudioSkillTest.framework */; };
		C3747295277B7C1E004595A1 /* AppDelegate.swift in Sources */ = {isa = PBXBuildFile; fileRef = C3747294277B7C1E004595A1 /* AppDelegate.swift */; };
		C3747297277B7C1E004595A1 /* SceneDelegate.swift in Sources */ = {isa = PBXBuildFile; fileRef = C3747296277B7C1E004595A1 /* SceneDelegate.swift */; };
		C3747299277B7C1E004595A1 /* ViewController.swift in Sources */ = {isa = PBXBuildFile; fileRef = C3747298277B7C1E004595A1 /* ViewController.swift */; };
		C374729C277B7C1E004595A1 /* Main.storyboard in Resources */ = {isa = PBXBuildFile; fileRef = C374729A277B7C1E004595A1 /* Main.storyboard */; };
		C374729E277B7C1F004595A1 /* Assets.xcassets in Resources */ = {isa = PBXBuildFile; fileRef = C374729D277B7C1F004595A1 /* Assets.xcassets */; };
		C37472A1277B7C1F004595A1 /* LaunchScreen.storyboard in Resources */ = {isa = PBXBuildFile; fileRef = C374729F277B7C1F004595A1 /* LaunchScreen.storyboard */; };
		C37472C1277B7F4F004595A1 /* ErrorHandler.swift in Sources */ = {isa = PBXBuildFile; fileRef = C37472C0277B7F4F004595A1 /* ErrorHandler.swift */; };
		C37472C4277B7F79004595A1 /* ApiClient.swift in Sources */ = {isa = PBXBuildFile; fileRef = C37472C3277B7F79004595A1 /* ApiClient.swift */; };
		C37472D0277B8D1B004595A1 /* BookModel.swift in Sources */ = {isa = PBXBuildFile; fileRef = C37472CF277B8D1B004595A1 /* BookModel.swift */; };
		C37472D3277B8D28004595A1 /* Book.swift in Sources */ = {isa = PBXBuildFile; fileRef = C37472D2277B8D28004595A1 /* Book.swift */; };
		C37472DA277BA07C004595A1 /* BookTableViewCell.swift in Sources */ = {isa = PBXBuildFile; fileRef = C37472D9277BA07C004595A1 /* BookTableViewCell.swift */; };
		C37472E2277BA737004595A1 /* Common.swift in Sources */ = {isa = PBXBuildFile; fileRef = C37472E1277BA737004595A1 /* Common.swift */; };
		C37472EC277BA9BE004595A1 /* ProgressView.swift in Sources */ = {isa = PBXBuildFile; fileRef = C37472EB277BA9BE004595A1 /* ProgressView.swift */; };
/* End PBXBuildFile section */

/* Begin PBXFileReference section */
		3CDB878583C7A3D2AA1B73BA /* Pods_SoulStudioSkillTest.framework */ = {isa = PBXFileReference; explicitFileType = wrapper.framework; includeInIndex = 0; path = Pods_SoulStudioSkillTest.framework; sourceTree = BUILT_PRODUCTS_DIR; };
		4A17560F4E5F6210224A3D73 /* Pods-SoulStudioSkillTest.release.xcconfig */ = {isa = PBXFileReference; includeInIndex = 1; lastKnownFileType = text.xcconfig; name = "Pods-SoulStudioSkillTest.release.xcconfig"; path = "Target Support Files/Pods-SoulStudioSkillTest/Pods-SoulStudioSkillTest.release.xcconfig"; sourceTree = "<group>"; };
		C3747291277B7C1E004595A1 /* SoulStudioSkillTest.app */ = {isa = PBXFileReference; explicitFileType = wrapper.application; includeInIndex = 0; path = SoulStudioSkillTest.app; sourceTree = BUILT_PRODUCTS_DIR; };
		C3747294277B7C1E004595A1 /* AppDelegate.swift */ = {isa = PBXFileReference; lastKnownFileType = sourcecode.swift; path = AppDelegate.swift; sourceTree = "<group>"; };
		C3747296277B7C1E004595A1 /* SceneDelegate.swift */ = {isa = PBXFileReference; lastKnownFileType = sourcecode.swift; path = SceneDelegate.swift; sourceTree = "<group>"; };
		C3747298277B7C1E004595A1 /* ViewController.swift */ = {isa = PBXFileReference; lastKnownFileType = sourcecode.swift; path = ViewController.swift; sourceTree = "<group>"; };
		C374729B277B7C1E004595A1 /* Base */ = {isa = PBXFileReference; lastKnownFileType = file.storyboard; name = Base; path = Base.lproj/Main.storyboard; sourceTree = "<group>"; };
		C374729D277B7C1F004595A1 /* Assets.xcassets */ = {isa = PBXFileReference; lastKnownFileType = folder.assetcatalog; path = Assets.xcassets; sourceTree = "<group>"; };
		C37472A0277B7C1F004595A1 /* Base */ = {isa = PBXFileReference; lastKnownFileType = file.storyboard; name = Base; path = Base.lproj/LaunchScreen.storyboard; sourceTree = "<group>"; };
		C37472A2277B7C1F004595A1 /* Info.plist */ = {isa = PBXFileReference; lastKnownFileType = text.plist.xml; path = Info.plist; sourceTree = "<group>"; };
		C37472C0277B7F4F004595A1 /* ErrorHandler.swift */ = {isa = PBXFileReference; lastKnownFileType = sourcecode.swift; path = ErrorHandler.swift; sourceTree = "<group>"; };
		C37472C3277B7F79004595A1 /* ApiClient.swift */ = {isa = PBXFileReference; lastKnownFileType = sourcecode.swift; path = ApiClient.swift; sourceTree = "<group>"; };
		C37472CF277B8D1B004595A1 /* BookModel.swift */ = {isa = PBXFileReference; lastKnownFileType = sourcecode.swift; path = BookModel.swift; sourceTree = "<group>"; };
		C37472D2277B8D28004595A1 /* Book.swift */ = {isa = PBXFileReference; lastKnownFileType = sourcecode.swift; path = Book.swift; sourceTree = "<group>"; };
		C37472D9277BA07C004595A1 /* BookTableViewCell.swift */ = {isa = PBXFileReference; fileEncoding = 4; lastKnownFileType = sourcecode.swift; path = BookTableViewCell.swift; sourceTree = "<group>"; };
		C37472E1277BA737004595A1 /* Common.swift */ = {isa = PBXFileReference; lastKnownFileType = sourcecode.swift; path = Common.swift; sourceTree = "<group>"; };
		C37472EB277BA9BE004595A1 /* ProgressView.swift */ = {isa = PBXFileReference; lastKnownFileType = sourcecode.swift; path = ProgressView.swift; sourceTree = "<group>"; };
		FE30A7133210035D378B8F1B /* Pods-SoulStudioSkillTest.debug.xcconfig */ = {isa = PBXFileReference; includeInIndex = 1; lastKnownFileType = text.xcconfig; name = "Pods-SoulStudioSkillTest.debug.xcconfig"; path = "Target Support Files/Pods-SoulStudioSkillTest/Pods-SoulStudioSkillTest.debug.xcconfig"; sourceTree = "<group>"; };
/* End PBXFileReference section */

/* Begin PBXFrameworksBuildPhase section */
		C374728E277B7C1E004595A1 /* Frameworks */ = {
			isa = PBXFrameworksBuildPhase;
			buildActionMask = 2147483647;
			files = (
				24CB9932CFC5A88B2BDBF0D4 /* Pods_SoulStudioSkillTest.framework in Frameworks */,
			);
			runOnlyForDeploymentPostprocessing = 0;
		};
/* End PBXFrameworksBuildPhase section */

/* Begin PBXGroup section */
		762D3FBC9F8F0BE74E09960E /* Frameworks */ = {
			isa = PBXGroup;
			children = (
				3CDB878583C7A3D2AA1B73BA /* Pods_SoulStudioSkillTest.framework */,
			);
			name = Frameworks;
			sourceTree = "<group>";
		};
		80FA1E933431202D7829AA45 /* Pods */ = {
			isa = PBXGroup;
			children = (
				FE30A7133210035D378B8F1B /* Pods-SoulStudioSkillTest.debug.xcconfig */,
				4A17560F4E5F6210224A3D73 /* Pods-SoulStudioSkillTest.release.xcconfig */,
			);
			path = Pods;
			sourceTree = "<group>";
		};
		C3747288277B7C1E004595A1 = {
			isa = PBXGroup;
			children = (
				C3747293277B7C1E004595A1 /* SoulStudioSkillTest */,
				C3747292277B7C1E004595A1 /* Products */,
				80FA1E933431202D7829AA45 /* Pods */,
				762D3FBC9F8F0BE74E09960E /* Frameworks */,
			);
			sourceTree = "<group>";
		};
		C3747292277B7C1E004595A1 /* Products */ = {
			isa = PBXGroup;
			children = (
				C3747291277B7C1E004595A1 /* SoulStudioSkillTest.app */,
			);
			name = Products;
			sourceTree = "<group>";
		};
		C3747293277B7C1E004595A1 /* SoulStudioSkillTest */ = {
			isa = PBXGroup;
			children = (
				C37472A9277B7CA8004595A1 /* Source */,
				C3747294277B7C1E004595A1 /* AppDelegate.swift */,
				C3747296277B7C1E004595A1 /* SceneDelegate.swift */,
				C374729A277B7C1E004595A1 /* Main.storyboard */,
				C374729D277B7C1F004595A1 /* Assets.xcassets */,
				C374729F277B7C1F004595A1 /* LaunchScreen.storyboard */,
				C37472A2277B7C1F004595A1 /* Info.plist */,
			);
			path = SoulStudioSkillTest;
			sourceTree = "<group>";
		};
		C37472A9277B7CA8004595A1 /* Source */ = {
			isa = PBXGroup;
			children = (
				C37472AD277B7CDB004595A1 /* Helpers */,
				C37472AC277B7CD5004595A1 /* Views */,
				C37472AB277B7CCF004595A1 /* Models */,
				C37472AA277B7CC6004595A1 /* Controllers */,
			);
			path = Source;
			sourceTree = "<group>";
		};
		C37472AA277B7CC6004595A1 /* Controllers */ = {
			isa = PBXGroup;
			children = (
				C3747298277B7C1E004595A1 /* ViewController.swift */,
			);
			path = Controllers;
			sourceTree = "<group>";
		};
		C37472AB277B7CCF004595A1 /* Models */ = {
			isa = PBXGroup;
			children = (
				C37472CF277B8D1B004595A1 /* BookModel.swift */,
				C37472D2277B8D28004595A1 /* Book.swift */,
			);
			path = Models;
			sourceTree = "<group>";
		};
		C37472AC277B7CD5004595A1 /* Views */ = {
			isa = PBXGroup;
			children = (
				C37472D9277BA07C004595A1 /* BookTableViewCell.swift */,
			);
			path = Views;
			sourceTree = "<group>";
		};
		C37472AD277B7CDB004595A1 /* Helpers */ = {
			isa = PBXGroup;
			children = (
				C37472C0277B7F4F004595A1 /* ErrorHandler.swift */,
				C37472C3277B7F79004595A1 /* ApiClient.swift */,
				C37472E1277BA737004595A1 /* Common.swift */,
				C37472EB277BA9BE004595A1 /* ProgressView.swift */,
			);
			path = Helpers;
			sourceTree = "<group>";
		};
/* End PBXGroup section */

/* Begin PBXNativeTarget section */
		C3747290277B7C1E004595A1 /* SoulStudioSkillTest */ = {
			isa = PBXNativeTarget;
			buildConfigurationList = C37472A5277B7C1F004595A1 /* Build configuration list for PBXNativeTarget "SoulStudioSkillTest" */;
			buildPhases = (
				D3B78836D88173604E37E9AD /* [CP] Check Pods Manifest.lock */,
				C374728D277B7C1E004595A1 /* Sources */,
				C374728E277B7C1E004595A1 /* Frameworks */,
				C374728F277B7C1E004595A1 /* Resources */,
				82DC6A4DFC49D5C6A04FA9BD /* [CP] Embed Pods Frameworks */,
			);
			buildRules = (
			);
			dependencies = (
			);
			name = SoulStudioSkillTest;
			productName = SoulStudioSkillTest;
			productReference = C3747291277B7C1E004595A1 /* SoulStudioSkillTest.app */;
			productType = "com.apple.product-type.application";
		};
/* End PBXNativeTarget section */

/* Begin PBXProject section */
		C3747289277B7C1E004595A1 /* Project object */ = {
			isa = PBXProject;
			attributes = {
				LastSwiftUpdateCheck = 1240;
				LastUpgradeCheck = 1240;
				TargetAttributes = {
					C3747290277B7C1E004595A1 = {
						CreatedOnToolsVersion = 12.4;
					};
				};
			};
			buildConfigurationList = C374728C277B7C1E004595A1 /* Build configuration list for PBXProject "SoulStudioSkillTest" */;
			compatibilityVersion = "Xcode 9.3";
			developmentRegion = en;
			hasScannedForEncodings = 0;
			knownRegions = (
				en,
				Base,
			);
			mainGroup = C3747288277B7C1E004595A1;
			productRefGroup = C3747292277B7C1E004595A1 /* Products */;
			projectDirPath = "";
			projectRoot = "";
			targets = (
				C3747290277B7C1E004595A1 /* SoulStudioSkillTest */,
			);
		};
/* End PBXProject section */

/* Begin PBXResourcesBuildPhase section */
		C374728F277B7C1E004595A1 /* Resources */ = {
			isa = PBXResourcesBuildPhase;
			buildActionMask = 2147483647;
			files = (
				C37472A1277B7C1F004595A1 /* LaunchScreen.storyboard in Resources */,
				C374729E277B7C1F004595A1 /* Assets.xcassets in Resources */,
				C374729C277B7C1E004595A1 /* Main.storyboard in Resources */,
			);
			runOnlyForDeploymentPostprocessing = 0;
		};
/* End PBXResourcesBuildPhase section */

/* Begin PBXShellScriptBuildPhase section */
		82DC6A4DFC49D5C6A04FA9BD /* [CP] Embed Pods Frameworks */ = {
			isa = PBXShellScriptBuildPhase;
			buildActionMask = 2147483647;
			files = (
			);
			inputFileListPaths = (
				"${PODS_ROOT}/Target Support Files/Pods-SoulStudioSkillTest/Pods-SoulStudioSkillTest-frameworks-${CONFIGURATION}-input-files.xcfilelist",
			);
			name = "[CP] Embed Pods Frameworks";
			outputFileListPaths = (
				"${PODS_ROOT}/Target Support Files/Pods-SoulStudioSkillTest/Pods-SoulStudioSkillTest-frameworks-${CONFIGURATION}-output-files.xcfilelist",
			);
			runOnlyForDeploymentPostprocessing = 0;
			shellPath = /bin/sh;
			shellScript = "\"${PODS_ROOT}/Target Support Files/Pods-SoulStudioSkillTest/Pods-SoulStudioSkillTest-frameworks.sh\"\n";
			showEnvVarsInLog = 0;
		};
		D3B78836D88173604E37E9AD /* [CP] Check Pods Manifest.lock */ = {
			isa = PBXShellScriptBuildPhase;
			buildActionMask = 2147483647;
			files = (
			);
			inputFileListPaths = (
			);
			inputPaths = (
				"${PODS_PODFILE_DIR_PATH}/Podfile.lock",
				"${PODS_ROOT}/Manifest.lock",
			);
			name = "[CP] Check Pods Manifest.lock";
			outputFileListPaths = (
			);
			outputPaths = (
				"$(DERIVED_FILE_DIR)/Pods-SoulStudioSkillTest-checkManifestLockResult.txt",
			);
			runOnlyForDeploymentPostprocessing = 0;
			shellPath = /bin/sh;
			shellScript = "diff \"${PODS_PODFILE_DIR_PATH}/Podfile.lock\" \"${PODS_ROOT}/Manifest.lock\" > /dev/null\nif [ $? != 0 ] ; then\n    # print error to STDERR\n    echo \"error: The sandbox is not in sync with the Podfile.lock. Run 'pod install' or update your CocoaPods installation.\" >&2\n    exit 1\nfi\n# This output is used by Xcode 'outputs' to avoid re-running this script phase.\necho \"SUCCESS\" > \"${SCRIPT_OUTPUT_FILE_0}\"\n";
			showEnvVarsInLog = 0;
		};
/* End PBXShellScriptBuildPhase section */

/* Begin PBXSourcesBuildPhase section */
		C374728D277B7C1E004595A1 /* Sources */ = {
			isa = PBXSourcesBuildPhase;
			buildActionMask = 2147483647;
			files = (
				C37472D3277B8D28004595A1 /* Book.swift in Sources */,
				C3747299277B7C1E004595A1 /* ViewController.swift in Sources */,
				C37472C1277B7F4F004595A1 /* ErrorHandler.swift in Sources */,
				C3747295277B7C1E004595A1 /* AppDelegate.swift in Sources */,
				C37472E2277BA737004595A1 /* Common.swift in Sources */,
				C37472DA277BA07C004595A1 /* BookTableViewCell.swift in Sources */,
				C3747297277B7C1E004595A1 /* SceneDelegate.swift in Sources */,
				C37472EC277BA9BE004595A1 /* ProgressView.swift in Sources */,
				C37472C4277B7F79004595A1 /* ApiClient.swift in Sources */,
				C37472D0277B8D1B004595A1 /* BookModel.swift in Sources */,
			);
			runOnlyForDeploymentPostprocessing = 0;
		};
/* End PBXSourcesBuildPhase section */

/* Begin PBXVariantGroup section */
		C374729A277B7C1E004595A1 /* Main.storyboard */ = {
			isa = PBXVariantGroup;
			children = (
				C374729B277B7C1E004595A1 /* Base */,
			);
			name = Main.storyboard;
			sourceTree = "<group>";
		};
		C374729F277B7C1F004595A1 /* LaunchScreen.storyboard */ = {
			isa = PBXVariantGroup;
			children = (
				C37472A0277B7C1F004595A1 /* Base */,
			);
			name = LaunchScreen.storyboard;
			sourceTree = "<group>";
		};
/* End PBXVariantGroup section */

/* Begin XCBuildConfiguration section */
		C37472A3277B7C1F004595A1 /* Debug */ = {
			isa = XCBuildConfiguration;
			buildSettings = {
				ALWAYS_SEARCH_USER_PATHS = NO;
				CLANG_ANALYZER_NONNULL = YES;
				CLANG_ANALYZER_NUMBER_OBJECT_CONVERSION = YES_AGGRESSIVE;
				CLANG_CXX_LANGUAGE_STANDARD = "gnu++14";
				CLANG_CXX_LIBRARY = "libc++";
				CLANG_ENABLE_MODULES = YES;
				CLANG_ENABLE_OBJC_ARC = YES;
				CLANG_ENABLE_OBJC_WEAK = YES;
				CLANG_WARN_BLOCK_CAPTURE_AUTORELEASING = YES;
				CLANG_WARN_BOOL_CONVERSION = YES;
				CLANG_WARN_COMMA = YES;
				CLANG_WARN_CONSTANT_CONVERSION = YES;
				CLANG_WARN_DEPRECATED_OBJC_IMPLEMENTATIONS = YES;
				CLANG_WARN_DIRECT_OBJC_ISA_USAGE = YES_ERROR;
				CLANG_WARN_DOCUMENTATION_COMMENTS = YES;
				CLANG_WARN_EMPTY_BODY = YES;
				CLANG_WARN_ENUM_CONVERSION = YES;
				CLANG_WARN_INFINITE_RECURSION = YES;
				CLANG_WARN_INT_CONVERSION = YES;
				CLANG_WARN_NON_LITERAL_NULL_CONVERSION = YES;
				CLANG_WARN_OBJC_IMPLICIT_RETAIN_SELF = YES;
				CLANG_WARN_OBJC_LITERAL_CONVERSION = YES;
				CLANG_WARN_OBJC_ROOT_CLASS = YES_ERROR;
				CLANG_WARN_QUOTED_INCLUDE_IN_FRAMEWORK_HEADER = YES;
				CLANG_WARN_RANGE_LOOP_ANALYSIS = YES;
				CLANG_WARN_STRICT_PROTOTYPES = YES;
				CLANG_WARN_SUSPICIOUS_MOVE = YES;
				CLANG_WARN_UNGUARDED_AVAILABILITY = YES_AGGRESSIVE;
				CLANG_WARN_UNREACHABLE_CODE = YES;
				CLANG_WARN__DUPLICATE_METHOD_MATCH = YES;
				COPY_PHASE_STRIP = NO;
				DEBUG_INFORMATION_FORMAT = dwarf;
				ENABLE_STRICT_OBJC_MSGSEND = YES;
				ENABLE_TESTABILITY = YES;
				GCC_C_LANGUAGE_STANDARD = gnu11;
				GCC_DYNAMIC_NO_PIC = NO;
				GCC_NO_COMMON_BLOCKS = YES;
				GCC_OPTIMIZATION_LEVEL = 0;
				GCC_PREPROCESSOR_DEFINITIONS = (
					"DEBUG=1",
					"$(inherited)",
				);
				GCC_WARN_64_TO_32_BIT_CONVERSION = YES;
				GCC_WARN_ABOUT_RETURN_TYPE = YES_ERROR;
				GCC_WARN_UNDECLARED_SELECTOR = YES;
				GCC_WARN_UNINITIALIZED_AUTOS = YES_AGGRESSIVE;
				GCC_WARN_UNUSED_FUNCTION = YES;
				GCC_WARN_UNUSED_VARIABLE = YES;
				IPHONEOS_DEPLOYMENT_TARGET = 14.4;
				MTL_ENABLE_DEBUG_INFO = INCLUDE_SOURCE;
				MTL_FAST_MATH = YES;
				ONLY_ACTIVE_ARCH = YES;
				SDKROOT = iphoneos;
				SWIFT_ACTIVE_COMPILATION_CONDITIONS = DEBUG;
				SWIFT_OPTIMIZATION_LEVEL = "-Onone";
			};
			name = Debug;
		};
		C37472A4277B7C1F004595A1 /* Release */ = {
			isa = XCBuildConfiguration;
			buildSettings = {
				ALWAYS_SEARCH_USER_PATHS = NO;
				CLANG_ANALYZER_NONNULL = YES;
				CLANG_ANALYZER_NUMBER_OBJECT_CONVERSION = YES_AGGRESSIVE;
				CLANG_CXX_LANGUAGE_STANDARD = "gnu++14";
				CLANG_CXX_LIBRARY = "libc++";
				CLANG_ENABLE_MODULES = YES;
				CLANG_ENABLE_OBJC_ARC = YES;
				CLANG_ENABLE_OBJC_WEAK = YES;
				CLANG_WARN_BLOCK_CAPTURE_AUTORELEASING = YES;
				CLANG_WARN_BOOL_CONVERSION = YES;
				CLANG_WARN_COMMA = YES;
				CLANG_WARN_CONSTANT_CONVERSION = YES;
				CLANG_WARN_DEPRECATED_OBJC_IMPLEMENTATIONS = YES;
				CLANG_WARN_DIRECT_OBJC_ISA_USAGE = YES_ERROR;
				CLANG_WARN_DOCUMENTATION_COMMENTS = YES;
				CLANG_WARN_EMPTY_BODY = YES;
				CLANG_WARN_ENUM_CONVERSION = YES;
				CLANG_WARN_INFINITE_RECURSION = YES;
				CLANG_WARN_INT_CONVERSION = YES;
				CLANG_WARN_NON_LITERAL_NULL_CONVERSION = YES;
				CLANG_WARN_OBJC_IMPLICIT_RETAIN_SELF = YES;
				CLANG_WARN_OBJC_LITERAL_CONVERSION = YES;
				CLANG_WARN_OBJC_ROOT_CLASS = YES_ERROR;
				CLANG_WARN_QUOTED_INCLUDE_IN_FRAMEWORK_HEADER = YES;
				CLANG_WARN_RANGE_LOOP_ANALYSIS = YES;
				CLANG_WARN_STRICT_PROTOTYPES = YES;
				CLANG_WARN_SUSPICIOUS_MOVE = YES;
				CLANG_WARN_UNGUARDED_AVAILABILITY = YES_AGGRESSIVE;
				CLANG_WARN_UNREACHABLE_CODE = YES;
				CLANG_WARN__DUPLICATE_METHOD_MATCH = YES;
				COPY_PHASE_STRIP = NO;
				DEBUG_INFORMATION_FORMAT = "dwarf-with-dsym";
				ENABLE_NS_ASSERTIONS = NO;
				ENABLE_STRICT_OBJC_MSGSEND = YES;
				GCC_C_LANGUAGE_STANDARD = gnu11;
				GCC_NO_COMMON_BLOCKS = YES;
				GCC_WARN_64_TO_32_BIT_CONVERSION = YES;
				GCC_WARN_ABOUT_RETURN_TYPE = YES_ERROR;
				GCC_WARN_UNDECLARED_SELECTOR = YES;
				GCC_WARN_UNINITIALIZED_AUTOS = YES_AGGRESSIVE;
				GCC_WARN_UNUSED_FUNCTION = YES;
				GCC_WARN_UNUSED_VARIABLE = YES;
				IPHONEOS_DEPLOYMENT_TARGET = 14.4;
				MTL_ENABLE_DEBUG_INFO = NO;
				MTL_FAST_MATH = YES;
				SDKROOT = iphoneos;
				SWIFT_COMPILATION_MODE = wholemodule;
				SWIFT_OPTIMIZATION_LEVEL = "-O";
				VALIDATE_PRODUCT = YES;
			};
			name = Release;
		};
		C37472A6277B7C1F004595A1 /* Debug */ = {
			isa = XCBuildConfiguration;
			baseConfigurationReference = FE30A7133210035D378B8F1B /* Pods-SoulStudioSkillTest.debug.xcconfig */;
			buildSettings = {
				ASSETCATALOG_COMPILER_APPICON_NAME = AppIcon;
				ASSETCATALOG_COMPILER_GLOBAL_ACCENT_COLOR_NAME = AccentColor;
				CODE_SIGN_STYLE = Automatic;
				DEVELOPMENT_TEAM = "";
				INFOPLIST_FILE = SoulStudioSkillTest/Info.plist;
				LD_RUNPATH_SEARCH_PATHS = (
					"$(inherited)",
					"@executable_path/Frameworks",
				);
				PRODUCT_BUNDLE_IDENTIFIER = com.kiroshan.SoulStudioSkillTest;
				PRODUCT_NAME = "$(TARGET_NAME)";
				SWIFT_VERSION = 5.0;
				TARGETED_DEVICE_FAMILY = "1,2";
			};
			name = Debug;
		};
		C37472A7277B7C1F004595A1 /* Release */ = {
			isa = XCBuildConfiguration;
			baseConfigurationReference = 4A17560F4E5F6210224A3D73 /* Pods-SoulStudioSkillTest.release.xcconfig */;
			buildSettings = {
				ASSETCATALOG_COMPILER_APPICON_NAME = AppIcon;
				ASSETCATALOG_COMPILER_GLOBAL_ACCENT_COLOR_NAME = AccentColor;
				CODE_SIGN_STYLE = Automatic;
				DEVELOPMENT_TEAM = "";
				INFOPLIST_FILE = SoulStudioSkillTest/Info.plist;
				LD_RUNPATH_SEARCH_PATHS = (
					"$(inherited)",
					"@executable_path/Frameworks",
				);
				PRODUCT_BUNDLE_IDENTIFIER = com.kiroshan.SoulStudioSkillTest;
				PRODUCT_NAME = "$(TARGET_NAME)";
				SWIFT_VERSION = 5.0;
				TARGETED_DEVICE_FAMILY = "1,2";
			};
			name = Release;
		};
/* End XCBuildConfiguration section */

/* Begin XCConfigurationList section */
		C374728C277B7C1E004595A1 /* Build configuration list for PBXProject "SoulStudioSkillTest" */ = {
			isa = XCConfigurationList;
			buildConfigurations = (
				C37472A3277B7C1F004595A1 /* Debug */,
				C37472A4277B7C1F004595A1 /* Release */,
			);
			defaultConfigurationIsVisible = 0;
			defaultConfigurationName = Release;
		};
		C37472A5277B7C1F004595A1 /* Build configuration list for PBXNativeTarget "SoulStudioSkillTest" */ = {
			isa = XCConfigurationList;
			buildConfigurations = (
				C37472A6277B7C1F004595A1 /* Debug */,
				C37472A7277B7C1F004595A1 /* Release */,
			);
			defaultConfigurationIsVisible = 0;
			defaultConfigurationName = Release;
		};
/* End XCConfigurationList section */
	};
	rootObject = C3747289277B7C1E004595A1 /* Project object */;
}
